
Microsoft Visual Studio Solution File, Format Version 12.00
# Visual Studio Version 17
VisualStudioVersion = 17.3.32901.215
MinimumVisualStudioVersion = 10.0.40219.1
Project("{FAE04EC0-301F-11D3-BF4B-00C04F79EFBC}") = "GameSkillXPDemo", "GameSkillXPDemo\GameSkillXPDemo.csproj", "{CEA51AE7-9169-454D-86E3-B204451008BC}"
EndProject
Global
	GlobalSection(SolutionConfigurationPlatforms) = preSolution
		Debug|Any CPU = Debug|Any CPU
		Release|Any CPU = Release|Any CPU
	EndGlobalSection
	GlobalSection(ProjectConfigurationPlatforms) = postSolution
		{CEA51AE7-9169-454D-86E3-B204451008BC}.Debug|Any CPU.ActiveCfg = Debug|Any CPU
		{CEA51AE7-9169-454D-86E3-B204451008BC}.Debug|Any CPU.Build.0 = Debug|Any CPU
		{CEA51AE7-9169-454D-86E3-B204451008BC}.Release|Any CPU.ActiveCfg = Release|Any CPU
		{CEA51AE7-9169-454D-86E3-B204451008BC}.Release|Any CPU.Build.0 = Release|Any CPU
	EndGlobalSection
	GlobalSection(SolutionProperties) = preSolution
		HideSolutionNode = FALSE
	EndGlobalSection
	GlobalSection(ExtensibilityGlobals) = postSolution
		SolutionGuid = {ED3B4E74-4614-4B1D-BC69-85F8025180F1}
	EndGlobalSection
EndGlobal
